
Microsoft Visual Studio Solution File, Format Version 12.00
# Visual Studio 15
VisualStudioVersion = 15.0.27130.2026
MinimumVisualStudioVersion = 10.0.40219.1
Project("{FAE04EC0-301F-11D3-BF4B-00C04F79EFBC}") = "01.SecondNature", "01.SecondNature\01.SecondNature.csproj", "{4592074B-19FE-4300-B940-6319F90F0E2D}"
EndProject
Project("{FAE04EC0-301F-11D3-BF4B-00C04F79EFBC}") = "02.NaturesProphet", "02.NaturesProphet\02.NaturesProphet.csproj", "{F7CFF685-DCE4-456D-8B26-6613FF2FE297}"
EndProject
Project("{FAE04EC0-301F-11D3-BF4B-00C04F79EFBC}") = "03.NMS", "03.NMS\03.NMS.csproj", "{CCF8CDE0-7BF4-4345-9351-DD00242C0997}"
EndProject
Project("{FAE04EC0-301F-11D3-BF4B-00C04F79EFBC}") = "04.AshesOfRoses", "04.AshesOfRoses\04.AshesOfRoses.csproj", "{99C1E34E-9A8E-44D0-8D0C-85764E90D9E5}"
EndProject
Global
	GlobalSection(SolutionConfigurationPlatforms) = preSolution
		Debug|Any CPU = Debug|Any CPU
		Release|Any CPU = Release|Any CPU
	EndGlobalSection
	GlobalSection(ProjectConfigurationPlatforms) = postSolution
		{4592074B-19FE-4300-B940-6319F90F0E2D}.Debug|Any CPU.ActiveCfg = Debug|Any CPU
		{4592074B-19FE-4300-B940-6319F90F0E2D}.Debug|Any CPU.Build.0 = Debug|Any CPU
		{4592074B-19FE-4300-B940-6319F90F0E2D}.Release|Any CPU.ActiveCfg = Release|Any CPU
		{4592074B-19FE-4300-B940-6319F90F0E2D}.Release|Any CPU.Build.0 = Release|Any CPU
		{F7CFF685-DCE4-456D-8B26-6613FF2FE297}.Debug|Any CPU.ActiveCfg = Debug|Any CPU
		{F7CFF685-DCE4-456D-8B26-6613FF2FE297}.Debug|Any CPU.Build.0 = Debug|Any CPU
		{F7CFF685-DCE4-456D-8B26-6613FF2FE297}.Release|Any CPU.ActiveCfg = Release|Any CPU
		{F7CFF685-DCE4-456D-8B26-6613FF2FE297}.Release|Any CPU.Build.0 = Release|Any CPU
		{CCF8CDE0-7BF4-4345-9351-DD00242C0997}.Debug|Any CPU.ActiveCfg = Debug|Any CPU
		{CCF8CDE0-7BF4-4345-9351-DD00242C0997}.Debug|Any CPU.Build.0 = Debug|Any CPU
		{CCF8CDE0-7BF4-4345-9351-DD00242C0997}.Release|Any CPU.ActiveCfg = Release|Any CPU
		{CCF8CDE0-7BF4-4345-9351-DD00242C0997}.Release|Any CPU.Build.0 = Release|Any CPU
		{99C1E34E-9A8E-44D0-8D0C-85764E90D9E5}.Debug|Any CPU.ActiveCfg = Debug|Any CPU
		{99C1E34E-9A8E-44D0-8D0C-85764E90D9E5}.Debug|Any CPU.Build.0 = Debug|Any CPU
		{99C1E34E-9A8E-44D0-8D0C-85764E90D9E5}.Release|Any CPU.ActiveCfg = Release|Any CPU
		{99C1E34E-9A8E-44D0-8D0C-85764E90D9E5}.Release|Any CPU.Build.0 = Release|Any CPU
	EndGlobalSection
	GlobalSection(SolutionProperties) = preSolution
		HideSolutionNode = FALSE
	EndGlobalSection
	GlobalSection(ExtensibilityGlobals) = postSolution
		SolutionGuid = {FAC05830-1027-40CD-B559-AC360CF29201}
	EndGlobalSection
EndGlobal
