
Microsoft Visual Studio Solution File, Format Version 12.00
# Visual Studio 15
VisualStudioVersion = 15.0.27130.2026
MinimumVisualStudioVersion = 10.0.40219.1
Project("{FAE04EC0-301F-11D3-BF4B-00C04F79EFBC}") = "01.CubicArtillery", "01.CubicArtillery\01.CubicArtillery.csproj", "{7F093582-9141-4B5C-8E18-831237521D28}"
EndProject
Project("{FAE04EC0-301F-11D3-BF4B-00C04F79EFBC}") = "02.CubicsRube", "02.CubicsRube\02.CubicsRube.csproj", "{FD98ADD1-F496-4C32-95FB-95BA32DE45DE}"
EndProject
Project("{FAE04EC0-301F-11D3-BF4B-00C04F79EFBC}") = "03.CubicMessages", "03.CubicMessages\03.CubicMessages.csproj", "{4078BEB2-D08E-486D-818A-419FDF4D8CDD}"
EndProject
Project("{FAE04EC0-301F-11D3-BF4B-00C04F79EFBC}") = "04.CubicAssault", "04.CubicAssault\04.CubicAssault.csproj", "{8F6ACF19-7B80-4EC4-80CB-ED04B30C5EF1}"
EndProject
Global
	GlobalSection(SolutionConfigurationPlatforms) = preSolution
		Debug|Any CPU = Debug|Any CPU
		Release|Any CPU = Release|Any CPU
	EndGlobalSection
	GlobalSection(ProjectConfigurationPlatforms) = postSolution
		{7F093582-9141-4B5C-8E18-831237521D28}.Debug|Any CPU.ActiveCfg = Debug|Any CPU
		{7F093582-9141-4B5C-8E18-831237521D28}.Debug|Any CPU.Build.0 = Debug|Any CPU
		{7F093582-9141-4B5C-8E18-831237521D28}.Release|Any CPU.ActiveCfg = Release|Any CPU
		{7F093582-9141-4B5C-8E18-831237521D28}.Release|Any CPU.Build.0 = Release|Any CPU
		{FD98ADD1-F496-4C32-95FB-95BA32DE45DE}.Debug|Any CPU.ActiveCfg = Debug|Any CPU
		{FD98ADD1-F496-4C32-95FB-95BA32DE45DE}.Debug|Any CPU.Build.0 = Debug|Any CPU
		{FD98ADD1-F496-4C32-95FB-95BA32DE45DE}.Release|Any CPU.ActiveCfg = Release|Any CPU
		{FD98ADD1-F496-4C32-95FB-95BA32DE45DE}.Release|Any CPU.Build.0 = Release|Any CPU
		{4078BEB2-D08E-486D-818A-419FDF4D8CDD}.Debug|Any CPU.ActiveCfg = Debug|Any CPU
		{4078BEB2-D08E-486D-818A-419FDF4D8CDD}.Debug|Any CPU.Build.0 = Debug|Any CPU
		{4078BEB2-D08E-486D-818A-419FDF4D8CDD}.Release|Any CPU.ActiveCfg = Release|Any CPU
		{4078BEB2-D08E-486D-818A-419FDF4D8CDD}.Release|Any CPU.Build.0 = Release|Any CPU
		{8F6ACF19-7B80-4EC4-80CB-ED04B30C5EF1}.Debug|Any CPU.ActiveCfg = Debug|Any CPU
		{8F6ACF19-7B80-4EC4-80CB-ED04B30C5EF1}.Debug|Any CPU.Build.0 = Debug|Any CPU
		{8F6ACF19-7B80-4EC4-80CB-ED04B30C5EF1}.Release|Any CPU.ActiveCfg = Release|Any CPU
		{8F6ACF19-7B80-4EC4-80CB-ED04B30C5EF1}.Release|Any CPU.Build.0 = Release|Any CPU
	EndGlobalSection
	GlobalSection(SolutionProperties) = preSolution
		HideSolutionNode = FALSE
	EndGlobalSection
	GlobalSection(ExtensibilityGlobals) = postSolution
		SolutionGuid = {A8FB30C6-AD40-424A-B33C-542DA62B6F06}
	EndGlobalSection
EndGlobal
